
Microsoft Visual Studio Solution File, Format Version 12.00
# Visual Studio Version 17
VisualStudioVersion = 17.0.32112.339
MinimumVisualStudioVersion = 10.0.40219.1
Project("{FAE04EC0-301F-11D3-BF4B-00C04F79EFBC}") = "LandingArea", "LandingArea\LandingArea.csproj", "{65EE69A7-DFDF-4166-8065-9420FBB907B5}"
EndProject
Project("{FAE04EC0-301F-11D3-BF4B-00C04F79EFBC}") = "UnitTestLandingArea", "UnitTestLandingArea\UnitTestLandingArea.csproj", "{0DC19523-A314-4D07-9298-0773842093F7}"
EndProject
Global
	GlobalSection(SolutionConfigurationPlatforms) = preSolution
		Debug|Any CPU = Debug|Any CPU
		Release|Any CPU = Release|Any CPU
	EndGlobalSection
	GlobalSection(ProjectConfigurationPlatforms) = postSolution
		{65EE69A7-DFDF-4166-8065-9420FBB907B5}.Debug|Any CPU.ActiveCfg = Debug|Any CPU
		{65EE69A7-DFDF-4166-8065-9420FBB907B5}.Debug|Any CPU.Build.0 = Debug|Any CPU
		{65EE69A7-DFDF-4166-8065-9420FBB907B5}.Release|Any CPU.ActiveCfg = Release|Any CPU
		{65EE69A7-DFDF-4166-8065-9420FBB907B5}.Release|Any CPU.Build.0 = Release|Any CPU
		{0DC19523-A314-4D07-9298-0773842093F7}.Debug|Any CPU.ActiveCfg = Debug|Any CPU
		{0DC19523-A314-4D07-9298-0773842093F7}.Debug|Any CPU.Build.0 = Debug|Any CPU
		{0DC19523-A314-4D07-9298-0773842093F7}.Release|Any CPU.ActiveCfg = Release|Any CPU
		{0DC19523-A314-4D07-9298-0773842093F7}.Release|Any CPU.Build.0 = Release|Any CPU
	EndGlobalSection
	GlobalSection(SolutionProperties) = preSolution
		HideSolutionNode = FALSE
	EndGlobalSection
	GlobalSection(ExtensibilityGlobals) = postSolution
		SolutionGuid = {956DF54C-6C8F-45F6-AB3B-8396D283DA12}
	EndGlobalSection
EndGlobal
